# This file is automatically @generated by Poetry 1.8.2 and should not be changed by hand.

[[package]]
name = "obsws-python"
version = "1.7.0"
description = "A Python SDK for OBS Studio WebSocket v5.0"
optional = false
python-versions = ">=3.9"
files = [
    {file = "obsws_python-1.7.0-py3-none-any.whl", hash = "sha256:e71d4f8f7459b99976b5b5faf504cbcbc6cc490d45b6a625d85ae2fdf076784b"},
    {file = "obsws_python-1.7.0.tar.gz", hash = "sha256:4d80d90df29c3e1561b8ac04bac423ddf7edc97f7e61209733f0c44dae6e4699"},
]

[package.dependencies]
tomli = {version = ">=2.0.1", markers = "python_version < \"3.11\""}
websocket-client = "*"

[package.extras]
dev = ["black", "isort", "pytest", "pytest-randomly"]

[[package]]
name = "tomli"
version = "2.0.1"
description = "A lil' TOML parser"
optional = false
python-versions = ">=3.7"
files = [
    {file = "tomli-2.0.1-py3-none-any.whl", hash = "sha256:939de3e7a6161af0c887ef91b7d41a53e7c5a1ca976325f429cb46ea9bc30ecc"},
    {file = "tomli-2.0.1.tar.gz", hash = "sha256:de526c12914f0c550d15924c62d72abc48d6fe7364aa87328337a31007fe8a4f"},
]

[[package]]
name = "websocket-client"
version = "1.7.0"
description = "WebSocket client for Python with low level API options"
optional = false
python-versions = ">=3.8"
files = [
    {file = "websocket-client-1.7.0.tar.gz", hash = "sha256:10e511ea3a8c744631d3bd77e61eb17ed09304c413ad42cf6ddfa4c7787e8fe6"},
    {file = "websocket_client-1.7.0-py3-none-any.whl", hash = "sha256:f4c3d22fec12a2461427a29957ff07d35098ee2d976d3ba244e688b8b4057588"},
]

[package.extras]
docs = ["Sphinx (>=6.0)", "sphinx-rtd-theme (>=1.1.0)"]
optional = ["python-socks", "wsaccel"]
test = ["websockets"]

[metadata]
lock-version = "2.0"
python-versions = "^3.10"
content-hash = "e879fad8fc7dd7dced0bd3ed3a7e8fd76acdc0399ea27fc013f5fbb31d14623a"
